<Solution>
  <Configurations>
    <BuildType Name="Debug" />
    <BuildType Name="EasyTest" />
    <BuildType Name="Release" />
  </Configurations>
  <Project Path="XafDynamicAssemblies/XafDynamicAssemblies.Blazor.Server/XafDynamicAssemblies.Blazor.Server.csproj" />
  <Project Path="XafDynamicAssemblies/XafDynamicAssemblies.Module/XafDynamicAssemblies.Module.csproj" />
  <Project Path="XafDynamicAssemblies/XafDynamicAssemblies.Win/XafDynamicAssemblies.Win.csproj" />
</Solution>
